{
  "name": "erc721c",
  "version": "0.0.1",
  "lockfileVersion": 3,
  "requires": true,
  "packages": {
    "": {
      "name": "erc721c",
      "version": "0.0.1",
      "license": "ISC",
      "dependencies": {
        "@limitbreak/creator-token-contracts": "^1.1.2"
      },
      "devDependencies": {}
    },
    "node_modules/@limitbreak/creator-token-contracts": {
      "version": "1.1.2",
      "resolved": "https://registry.npmjs.org/@limitbreak/creator-token-contracts/-/creator-token-contracts-1.1.2.tgz",
      "integrity": "sha512-kRw4Gvu1LfrPMK3mUzc++af0v3etBCl0ZiyXgBcQUdFie7jHwOSmptKXERHtHh04+fAX8xoivbIGWp/4kTPJqg==",
      "dependencies": {
        "@openzeppelin/contracts": "4.8.3",
        "erc721a": "^4.2.3"
      }
    },
    "node_modules/@openzeppelin/contracts": {
      "version": "4.8.3",
      "resolved": "https://registry.npmjs.org/@openzeppelin/contracts/-/contracts-4.8.3.tgz",
      "integrity": "sha512-bQHV8R9Me8IaJoJ2vPG4rXcL7seB7YVuskr4f+f5RyOStSZetwzkWtoqDMl5erkBJy0lDRUnIR2WIkPiC0GJlg=="
    },
    "node_modules/erc721a": {
      "version": "4.3.0",
      "resolved": "https://registry.npmjs.org/erc721a/-/erc721a-4.3.0.tgz",
      "integrity": "sha512-JneTLVEH5I/rJMArAwwJ26CX4HvL3ql9Q3egpQ4QB7sz7vIGZbMdMmqHLBIIKhBlfToZKewtC7OZtdr3qU6jsA=="
    }
  }
}
